
Microsoft Visual Studio Solution File, Format Version 12.00
# Visual Studio Version 17
VisualStudioVersion = 17.5.33516.290
MinimumVisualStudioVersion = 10.0.40219.1
Project("{FAE04EC0-301F-11D3-BF4B-00C04F79EFBC}") = "CandyLicense.Api", "CandyLicense.Api\CandyLicense.Api.csproj", "{DDC3FFBB-361C-4CAC-A433-EC5B029AB2C5}"
EndProject
Project("{FAE04EC0-301F-11D3-BF4B-00C04F79EFBC}") = "CandyLicense.Web", "CandyLicense.Web\CandyLicense.Web.csproj", "{583C888E-0826-40A7-AB8E-19DBD131EFBC}"
EndProject
Global
	GlobalSection(SolutionConfigurationPlatforms) = preSolution
		Debug|Any CPU = Debug|Any CPU
		Release|Any CPU = Release|Any CPU
	EndGlobalSection
	GlobalSection(ProjectConfigurationPlatforms) = postSolution
		{DDC3FFBB-361C-4CAC-A433-EC5B029AB2C5}.Debug|Any CPU.ActiveCfg = Debug|Any CPU
		{DDC3FFBB-361C-4CAC-A433-EC5B029AB2C5}.Debug|Any CPU.Build.0 = Debug|Any CPU
		{DDC3FFBB-361C-4CAC-A433-EC5B029AB2C5}.Release|Any CPU.ActiveCfg = Release|Any CPU
		{DDC3FFBB-361C-4CAC-A433-EC5B029AB2C5}.Release|Any CPU.Build.0 = Release|Any CPU
		{583C888E-0826-40A7-AB8E-19DBD131EFBC}.Debug|Any CPU.ActiveCfg = Debug|Any CPU
		{583C888E-0826-40A7-AB8E-19DBD131EFBC}.Debug|Any CPU.Build.0 = Debug|Any CPU
		{583C888E-0826-40A7-AB8E-19DBD131EFBC}.Release|Any CPU.ActiveCfg = Release|Any CPU
		{583C888E-0826-40A7-AB8E-19DBD131EFBC}.Release|Any CPU.Build.0 = Release|Any CPU
	EndGlobalSection
	GlobalSection(SolutionProperties) = preSolution
		HideSolutionNode = FALSE
	EndGlobalSection
	GlobalSection(ExtensibilityGlobals) = postSolution
		SolutionGuid = {70C3E893-E029-4FEC-A434-647D49BA5F30}
	EndGlobalSection
EndGlobal
